
Microsoft Visual Studio Solution File, Format Version 12.00
# Visual Studio Version 17
VisualStudioVersion = 17.8.34330.188
MinimumVisualStudioVersion = 10.0.40219.1
Project("{888888A0-9F3D-457C-B088-3A5042F75D52}") = "Movie Guide Part 1", "Movie Guide Part 1\Movie Guide Part 1.pyproj", "{AFF60A72-60AF-489C-932F-8315261544C2}"
EndProject
Global
	GlobalSection(SolutionConfigurationPlatforms) = preSolution
		Debug|Any CPU = Debug|Any CPU
		Release|Any CPU = Release|Any CPU
	EndGlobalSection
	GlobalSection(ProjectConfigurationPlatforms) = postSolution
		{AFF60A72-60AF-489C-932F-8315261544C2}.Debug|Any CPU.ActiveCfg = Debug|Any CPU
		{AFF60A72-60AF-489C-932F-8315261544C2}.Release|Any CPU.ActiveCfg = Release|Any CPU
	EndGlobalSection
	GlobalSection(SolutionProperties) = preSolution
		HideSolutionNode = FALSE
	EndGlobalSection
	GlobalSection(ExtensibilityGlobals) = postSolution
		SolutionGuid = {303BBBAD-8A09-4B01-8D80-A9602C0D4DC1}
	EndGlobalSection
EndGlobal
